# THIS IS AN AUTOGENERATED FILE. DO NOT EDIT THIS FILE DIRECTLY.
# yarn lockfile v1


markdown-regex@^1.2.0:
  version "1.2.0"
  resolved "https://registry.yarnpkg.com/markdown-regex/-/markdown-regex-1.2.0.tgz#6e9bea407a0380fd24e495459525dd23388d9917"
  integrity sha512-hTIeUnrdr5qiZ493EXOzFA3/sl80HpXY72Yk8AcpBAJN9HuZKGYcSZ7J3SLB8tMRCuW51TzTxIg/F4P7KBkDlg==
  dependencies:
    os "0.1.2"

os@0.1.2:
  version "0.1.2"
  resolved "https://registry.yarnpkg.com/os/-/os-0.1.2.tgz#f29a50c62908516ba42652de42f7038600cadbc2"
  integrity sha512-ZoXJkvAnljwvc56MbvhtKVWmSkzV712k42Is2mA0+0KTSRakq5XXuXpjZjgAt9ctzl51ojhQWakQQpmOvXWfjQ==
